<?xml version="1.0" encoding="utf-8"?>
<Project ToolsVersion="4.0" xmlns="http://schemas.microsoft.com/developer/msbuild/2003">
  <ItemGroup>
    <Filter Include="Source Files">
      <UniqueIdentifier>{4FC737F1-C7A5-4376-A066-2A32D752A2FF}</UniqueIdentifier>
      <Extensions>cpp;c;cc;cxx;def;odl;idl;hpj;bat;asm;asmx</Extensions>
    </Filter>
    <Filter Include="Header Files">
      <UniqueIdentifier>{93995380-89BD-4b04-88EB-625FBE52EBFB}</UniqueIdentifier>
      <Extensions>h;hh;hpp;hxx;hm;inl;inc;xsd</Extensions>
    </Filter>
    <Filter Include="Resource Files">
      <UniqueIdentifier>{67DA6AB6-F800-4c08-8B7A-83BB121AAD01}</UniqueIdentifier>
      <Extensions>rc;ico;cur;bmp;dlg;rc2;rct;bin;rgs;gif;jpg;jpeg;jpe;resx;tiff;tif;png;wav;mfcribbon-ms</Extensions>
    </Filter>
  </ItemGroup>
  <ItemGroup>
    <ClCompile Include="act1.cpp">
      <Filter>Source Files</Filter>
    </ClCompile>
    <ClCompile Include="act2.cpp">
      <Filter>Source Files</Filter>
    </ClCompile>
    <ClCompile Include="act3.cpp">
      <Filter>Source Files</Filter>
    </ClCompile>
    <ClCompile Include="act4.cpp">
      <Filter>Source Files</Filter>
    </ClCompile>
    <ClCompile Include="adv.cpp">
      <Filter>Source Files</Filter>
    </ClCompile>
    <ClCompile Include="cevent.cpp">
      <Filter>Source Files</Filter>
    </ClCompile>
    <ClCompile Include="defs.cpp">
      <Filter>Source Files</Filter>
    </ClCompile>
    <ClCompile Include="dung.cpp">
      <Filter>Source Files</Filter>
    </ClCompile>
    <ClCompile Include="funcs.cpp">
      <Filter>Source Files</Filter>
    </ClCompile>
    <ClCompile Include="globals.cpp">
      <Filter>Source Files</Filter>
    </ClCompile>
    <ClCompile Include="info.cpp">
      <Filter>Source Files</Filter>
    </ClCompile>
    <ClCompile Include="makstr.cpp">
      <Filter>Source Files</Filter>
    </ClCompile>
    <ClCompile Include="mdlfun.cpp">
      <Filter>Source Files</Filter>
    </ClCompile>
    <ClCompile Include="melee.cpp">
      <Filter>Source Files</Filter>
    </ClCompile>
    <ClCompile Include="object.cpp">
      <Filter>Source Files</Filter>
    </ClCompile>
    <ClCompile Include="parser.cpp">
      <Filter>Source Files</Filter>
    </ClCompile>
    <ClCompile Include="room.cpp">
      <Filter>Source Files</Filter>
    </ClCompile>
    <ClCompile Include="roomfns.cpp">
      <Filter>Source Files</Filter>
    </ClCompile>
    <ClCompile Include="rooms.cpp">
      <Filter>Source Files</Filter>
    </ClCompile>
    <ClCompile Include="sr.cpp">
      <Filter>Source Files</Filter>
    </ClCompile>
    <ClCompile Include="stdafx.cpp">
      <Filter>Source Files</Filter>
    </ClCompile>
    <ClCompile Include="strings.cpp">
      <Filter>Source Files</Filter>
    </ClCompile>
    <ClCompile Include="util.cpp">
      <Filter>Source Files</Filter>
    </ClCompile>
    <ClCompile Include="zstring.cpp">
      <Filter>Source Files</Filter>
    </ClCompile>
  </ItemGroup>
  <ItemGroup>
    <ClInclude Include="act1.h">
      <Filter>Header Files</Filter>
    </ClInclude>
    <ClInclude Include="act2.h">
      <Filter>Header Files</Filter>
    </ClInclude>
    <ClInclude Include="act3.h">
      <Filter>Header Files</Filter>
    </ClInclude>
    <ClInclude Include="act4.h">
      <Filter>Header Files</Filter>
    </ClInclude>
    <ClInclude Include="adv.h">
      <Filter>Header Files</Filter>
    </ClInclude>
    <ClInclude Include="cevent.h">
      <Filter>Header Files</Filter>
    </ClInclude>
    <ClInclude Include="clock.h">
      <Filter>Header Files</Filter>
    </ClInclude>
    <ClInclude Include="defs.h">
      <Filter>Header Files</Filter>
    </ClInclude>
    <ClInclude Include="dung.h">
      <Filter>Header Files</Filter>
    </ClInclude>
    <ClInclude Include="funcs.h">
      <Filter>Header Files</Filter>
    </ClInclude>
    <ClInclude Include="globals.h">
      <Filter>Header Files</Filter>
    </ClInclude>
    <ClInclude Include="gobject.h">
      <Filter>Header Files</Filter>
    </ClInclude>
    <ClInclude Include="info.h">
      <Filter>Header Files</Filter>
    </ClInclude>
    <ClInclude Include="makstr.h">
      <Filter>Header Files</Filter>
    </ClInclude>
    <ClInclude Include="melee.h">
      <Filter>Header Files</Filter>
    </ClInclude>
    <ClInclude Include="objdefs.h">
      <Filter>Header Files</Filter>
    </ClInclude>
    <ClInclude Include="object.h">
      <Filter>Header Files</Filter>
    </ClInclude>
    <ClInclude Include="objfns.h">
      <Filter>Header Files</Filter>
    </ClInclude>
    <ClInclude Include="objser.h">
      <Filter>Header Files</Filter>
    </ClInclude>
    <ClInclude Include="parser.h">
      <Filter>Header Files</Filter>
    </ClInclude>
    <ClInclude Include="room.h">
      <Filter>Header Files</Filter>
    </ClInclude>
    <ClInclude Include="roomdefs.h">
      <Filter>Header Files</Filter>
    </ClInclude>
    <ClInclude Include="roomfns.h">
      <Filter>Header Files</Filter>
    </ClInclude>
    <ClInclude Include="rooms.h">
      <Filter>Header Files</Filter>
    </ClInclude>
    <ClInclude Include="sr.h">
      <Filter>Header Files</Filter>
    </ClInclude>
    <ClInclude Include="stdafx.h">
      <Filter>Header Files</Filter>
    </ClInclude>
    <ClInclude Include="strings.h">
      <Filter>Header Files</Filter>
    </ClInclude>
    <ClInclude Include="util.h">
      <Filter>Header Files</Filter>
    </ClInclude>
    <ClInclude Include="ZorkException.h">
      <Filter>Header Files</Filter>
    </ClInclude>
    <ClInclude Include="zstring.h">
      <Filter>Header Files</Filter>
    </ClInclude>
  </ItemGroup>
</Project>